
Microsoft Visual Studio Solution File, Format Version 12.00
# Visual Studio 15
VisualStudioVersion = 15.0.28010.2036
MinimumVisualStudioVersion = 10.0.40219.1
Project("{FAE04EC0-301F-11D3-BF4B-00C04F79EFBC}") = "Final-Project", "Final-Project\Final-Project.csproj", "{3C07C04F-75DB-44D0-BBB5-0C46B39077CF}"
EndProject
Global
	GlobalSection(SolutionConfigurationPlatforms) = preSolution
		Debug|Any CPU = Debug|Any CPU
		Release|Any CPU = Release|Any CPU
	EndGlobalSection
	GlobalSection(ProjectConfigurationPlatforms) = postSolution
		{3C07C04F-75DB-44D0-BBB5-0C46B39077CF}.Debug|Any CPU.ActiveCfg = Debug|Any CPU
		{3C07C04F-75DB-44D0-BBB5-0C46B39077CF}.Debug|Any CPU.Build.0 = Debug|Any CPU
		{3C07C04F-75DB-44D0-BBB5-0C46B39077CF}.Release|Any CPU.ActiveCfg = Release|Any CPU
		{3C07C04F-75DB-44D0-BBB5-0C46B39077CF}.Release|Any CPU.Build.0 = Release|Any CPU
	EndGlobalSection
	GlobalSection(SolutionProperties) = preSolution
		HideSolutionNode = FALSE
	EndGlobalSection
	GlobalSection(ExtensibilityGlobals) = postSolution
		SolutionGuid = {4909FECC-D1D8-4479-AA80-1FB33016196F}
	EndGlobalSection
EndGlobal
